
Microsoft Visual Studio Solution File, Format Version 12.00
# Visual Studio Version 17
VisualStudioVersion = 17.2.32630.192
MinimumVisualStudioVersion = 10.0.40219.1
Project("{FAE04EC0-301F-11D3-BF4B-00C04F79EFBC}") = "ThirtyDaysOfShred.API", "ThirtyDaysOfShred.API.csproj", "{73E3A846-BBB0-4216-B55B-8CA829B2C0BC}"
EndProject
Global
	GlobalSection(SolutionConfigurationPlatforms) = preSolution
		Debug|Any CPU = Debug|Any CPU
		Release|Any CPU = Release|Any CPU
	EndGlobalSection
	GlobalSection(ProjectConfigurationPlatforms) = postSolution
		{73E3A846-BBB0-4216-B55B-8CA829B2C0BC}.Debug|Any CPU.ActiveCfg = Debug|Any CPU
		{73E3A846-BBB0-4216-B55B-8CA829B2C0BC}.Debug|Any CPU.Build.0 = Debug|Any CPU
		{73E3A846-BBB0-4216-B55B-8CA829B2C0BC}.Release|Any CPU.ActiveCfg = Release|Any CPU
		{73E3A846-BBB0-4216-B55B-8CA829B2C0BC}.Release|Any CPU.Build.0 = Release|Any CPU
	EndGlobalSection
	GlobalSection(SolutionProperties) = preSolution
		HideSolutionNode = FALSE
	EndGlobalSection
	GlobalSection(ExtensibilityGlobals) = postSolution
		SolutionGuid = {80DC4188-6CD8-438A-BB83-E28F2992E90B}
	EndGlobalSection
EndGlobal
